// !$*UTF8*$!
{
	archiveVersion = 1;
	classes = {
	};
	objectVersion = 50;
	objects = {

/* Begin PBXBuildFile section */
		6B653E1E240D0FBE002578E1 /* DatabaseHelper.swift in Sources */ = {isa = PBXBuildFile; fileRef = 6B653E1D240D0FBD002578E1 /* DatabaseHelper.swift */; };
		6B653E21240D6450002578E1 /* NewYorkMedium-Regular.otf in Resources */ = {isa = PBXBuildFile; fileRef = 6B653E20240D6450002578E1 /* NewYorkMedium-Regular.otf */; };
		6B653E23240EBB71002578E1 /* Assets.xcassets in Resources */ = {isa = PBXBuildFile; fileRef = 6B653E22240EBB71002578E1 /* Assets.xcassets */; };
		DD01A8BB240F49100032AD88 /* HelperViewController.swift in Sources */ = {isa = PBXBuildFile; fileRef = DD01A8BA240F49100032AD88 /* HelperViewController.swift */; };
		DD45F9292410047D00AA9521 /* PlantMessageDatabase.swift in Sources */ = {isa = PBXBuildFile; fileRef = DD45F9282410047D00AA9521 /* PlantMessageDatabase.swift */; };
		DD64247B2406B1A400A07D1C /* UserThoughtsViewController.swift in Sources */ = {isa = PBXBuildFile; fileRef = DD64247A2406B1A400A07D1C /* UserThoughtsViewController.swift */; };
		DD77D5F9240AC701000BA7B8 /* EvaluationThoughtViewController.swift in Sources */ = {isa = PBXBuildFile; fileRef = DD77D5F8240AC701000BA7B8 /* EvaluationThoughtViewController.swift */; };
		DD77D5FB240ACA51000BA7B8 /* PerfectViewController.swift in Sources */ = {isa = PBXBuildFile; fileRef = DD77D5FA240ACA51000BA7B8 /* PerfectViewController.swift */; };
		DD84143723FD58F100478319 /* QuestionsDatabase.swift in Sources */ = {isa = PBXBuildFile; fileRef = DD84143623FD58F100478319 /* QuestionsDatabase.swift */; };
		DD84143B23FD77FF00478319 /* TutorialQuestionViewController.swift in Sources */ = {isa = PBXBuildFile; fileRef = DD84143A23FD77FF00478319 /* TutorialQuestionViewController.swift */; };
		DD84143D23FED79E00478319 /* TutorialEvaluationViewController.swift in Sources */ = {isa = PBXBuildFile; fileRef = DD84143C23FED79E00478319 /* TutorialEvaluationViewController.swift */; };
		DD84143F23FFD8F400478319 /* MessagesDatabase.swift in Sources */ = {isa = PBXBuildFile; fileRef = DD84143E23FFD8F400478319 /* MessagesDatabase.swift */; };
		DD89CD64240FF68A00DEAE88 /* WellDoneViewController.swift in Sources */ = {isa = PBXBuildFile; fileRef = DD89CD63240FF68A00DEAE88 /* WellDoneViewController.swift */; };
		DDC2F09A23FAEA9000BD4C45 /* AppDelegate.swift in Sources */ = {isa = PBXBuildFile; fileRef = DDC2F09923FAEA9000BD4C45 /* AppDelegate.swift */; };
		DDC2F09C23FAEA9000BD4C45 /* SceneDelegate.swift in Sources */ = {isa = PBXBuildFile; fileRef = DDC2F09B23FAEA9000BD4C45 /* SceneDelegate.swift */; };
		DDC2F09E23FAEA9000BD4C45 /* WelcomeViewController.swift in Sources */ = {isa = PBXBuildFile; fileRef = DDC2F09D23FAEA9000BD4C45 /* WelcomeViewController.swift */; };
		DDC2F0A123FAEA9000BD4C45 /* Main.storyboard in Resources */ = {isa = PBXBuildFile; fileRef = DDC2F09F23FAEA9000BD4C45 /* Main.storyboard */; };
		DDC2F0A423FAEA9000BD4C45 /* MC3.xcdatamodeld in Sources */ = {isa = PBXBuildFile; fileRef = DDC2F0A223FAEA9000BD4C45 /* MC3.xcdatamodeld */; };
		DDC2F0A923FAEA9200BD4C45 /* LaunchScreen.storyboard in Resources */ = {isa = PBXBuildFile; fileRef = DDC2F0A723FAEA9200BD4C45 /* LaunchScreen.storyboard */; };
		DDC2F0B123FAEAED00BD4C45 /* .gitignore in Resources */ = {isa = PBXBuildFile; fileRef = DDC2F0B023FAEAED00BD4C45 /* .gitignore */; };
		DDDA47D624082E3A005950CF /* EditThoughtViewController.swift in Sources */ = {isa = PBXBuildFile; fileRef = DDDA47D524082E3A005950CF /* EditThoughtViewController.swift */; };
		DDDA47E3240A974C005950CF /* Thought+CoreDataClass.swift in Sources */ = {isa = PBXBuildFile; fileRef = DDDA47E1240A974C005950CF /* Thought+CoreDataClass.swift */; };
		DDDA47E8240A99CD005950CF /* Thought+CoreDataProperties.swift in Sources */ = {isa = PBXBuildFile; fileRef = DDDA47E7240A99CD005950CF /* Thought+CoreDataProperties.swift */; };
/* End PBXBuildFile section */

/* Begin PBXFileReference section */
		6B653E1D240D0FBD002578E1 /* DatabaseHelper.swift */ = {isa = PBXFileReference; lastKnownFileType = sourcecode.swift; path = DatabaseHelper.swift; sourceTree = "<group>"; };
		6B653E20240D6450002578E1 /* NewYorkMedium-Regular.otf */ = {isa = PBXFileReference; lastKnownFileType = file; path = "NewYorkMedium-Regular.otf"; sourceTree = "<group>"; };
		6B653E22240EBB71002578E1 /* Assets.xcassets */ = {isa = PBXFileReference; lastKnownFileType = folder.assetcatalog; path = Assets.xcassets; sourceTree = "<group>"; };
		DD01A8BA240F49100032AD88 /* HelperViewController.swift */ = {isa = PBXFileReference; lastKnownFileType = sourcecode.swift; path = HelperViewController.swift; sourceTree = "<group>"; };
		DD45F9282410047D00AA9521 /* PlantMessageDatabase.swift */ = {isa = PBXFileReference; lastKnownFileType = sourcecode.swift; path = PlantMessageDatabase.swift; sourceTree = "<group>"; };
		DD64247A2406B1A400A07D1C /* UserThoughtsViewController.swift */ = {isa = PBXFileReference; lastKnownFileType = sourcecode.swift; path = UserThoughtsViewController.swift; sourceTree = "<group>"; };
		DD77D5F8240AC701000BA7B8 /* EvaluationThoughtViewController.swift */ = {isa = PBXFileReference; lastKnownFileType = sourcecode.swift; path = EvaluationThoughtViewController.swift; sourceTree = "<group>"; };
		DD77D5FA240ACA51000BA7B8 /* PerfectViewController.swift */ = {isa = PBXFileReference; lastKnownFileType = sourcecode.swift; path = PerfectViewController.swift; sourceTree = "<group>"; };
		DD84143623FD58F100478319 /* QuestionsDatabase.swift */ = {isa = PBXFileReference; lastKnownFileType = sourcecode.swift; path = QuestionsDatabase.swift; sourceTree = "<group>"; };
		DD84143A23FD77FF00478319 /* TutorialQuestionViewController.swift */ = {isa = PBXFileReference; lastKnownFileType = sourcecode.swift; path = TutorialQuestionViewController.swift; sourceTree = "<group>"; };
		DD84143C23FED79E00478319 /* TutorialEvaluationViewController.swift */ = {isa = PBXFileReference; lastKnownFileType = sourcecode.swift; path = TutorialEvaluationViewController.swift; sourceTree = "<group>"; };
		DD84143E23FFD8F400478319 /* MessagesDatabase.swift */ = {isa = PBXFileReference; lastKnownFileType = sourcecode.swift; path = MessagesDatabase.swift; sourceTree = "<group>"; };
		DD89CD63240FF68A00DEAE88 /* WellDoneViewController.swift */ = {isa = PBXFileReference; lastKnownFileType = sourcecode.swift; path = WellDoneViewController.swift; sourceTree = "<group>"; };
		DDC2F09623FAEA9000BD4C45 /* MC3.app */ = {isa = PBXFileReference; explicitFileType = wrapper.application; includeInIndex = 0; path = MC3.app; sourceTree = BUILT_PRODUCTS_DIR; };
		DDC2F09923FAEA9000BD4C45 /* AppDelegate.swift */ = {isa = PBXFileReference; lastKnownFileType = sourcecode.swift; path = AppDelegate.swift; sourceTree = "<group>"; };
		DDC2F09B23FAEA9000BD4C45 /* SceneDelegate.swift */ = {isa = PBXFileReference; lastKnownFileType = sourcecode.swift; path = SceneDelegate.swift; sourceTree = "<group>"; };
		DDC2F09D23FAEA9000BD4C45 /* WelcomeViewController.swift */ = {isa = PBXFileReference; lastKnownFileType = sourcecode.swift; path = WelcomeViewController.swift; sourceTree = "<group>"; };
		DDC2F0A023FAEA9000BD4C45 /* Base */ = {isa = PBXFileReference; lastKnownFileType = file.storyboard; name = Base; path = Base.lproj/Main.storyboard; sourceTree = "<group>"; };
		DDC2F0A323FAEA9000BD4C45 /* MC3.xcdatamodel */ = {isa = PBXFileReference; lastKnownFileType = wrapper.xcdatamodel; path = MC3.xcdatamodel; sourceTree = "<group>"; };
		DDC2F0A823FAEA9200BD4C45 /* Base */ = {isa = PBXFileReference; lastKnownFileType = file.storyboard; name = Base; path = Base.lproj/LaunchScreen.storyboard; sourceTree = "<group>"; };
		DDC2F0AA23FAEA9200BD4C45 /* Info.plist */ = {isa = PBXFileReference; lastKnownFileType = text.plist.xml; path = Info.plist; sourceTree = "<group>"; };
		DDC2F0B023FAEAED00BD4C45 /* .gitignore */ = {isa = PBXFileReference; lastKnownFileType = text; path = .gitignore; sourceTree = "<group>"; };
		DDDA47D524082E3A005950CF /* EditThoughtViewController.swift */ = {isa = PBXFileReference; lastKnownFileType = sourcecode.swift; path = EditThoughtViewController.swift; sourceTree = "<group>"; };
		DDDA47E1240A974C005950CF /* Thought+CoreDataClass.swift */ = {isa = PBXFileReference; lastKnownFileType = sourcecode.swift; path = "Thought+CoreDataClass.swift"; sourceTree = "<group>"; };
		DDDA47E7240A99CD005950CF /* Thought+CoreDataProperties.swift */ = {isa = PBXFileReference; lastKnownFileType = sourcecode.swift; path = "Thought+CoreDataProperties.swift"; sourceTree = "<group>"; };
/* End PBXFileReference section */

/* Begin PBXFrameworksBuildPhase section */
		DDC2F09323FAEA9000BD4C45 /* Frameworks */ = {
			isa = PBXFrameworksBuildPhase;
			buildActionMask = 2147483647;
			files = (
			);
			runOnlyForDeploymentPostprocessing = 0;
		};
/* End PBXFrameworksBuildPhase section */

/* Begin PBXGroup section */
		DD01A8BC240F495A0032AD88 /* Tutorial View Controllers */ = {
			isa = PBXGroup;
			children = (
				DDC2F09D23FAEA9000BD4C45 /* WelcomeViewController.swift */,
				DD84143A23FD77FF00478319 /* TutorialQuestionViewController.swift */,
				DD84143C23FED79E00478319 /* TutorialEvaluationViewController.swift */,
				DD77D5FA240ACA51000BA7B8 /* PerfectViewController.swift */,
			);
			path = "Tutorial View Controllers";
			sourceTree = "<group>";
		};
		DDC2F08D23FAEA9000BD4C45 = {
			isa = PBXGroup;
			children = (
				DDC2F0B023FAEAED00BD4C45 /* .gitignore */,
				DDC2F09823FAEA9000BD4C45 /* MC3 */,
				DDC2F09723FAEA9000BD4C45 /* Products */,
			);
			sourceTree = "<group>";
		};
		DDC2F09723FAEA9000BD4C45 /* Products */ = {
			isa = PBXGroup;
			children = (
				DDC2F09623FAEA9000BD4C45 /* MC3.app */,
			);
			name = Products;
			sourceTree = "<group>";
		};
		DDC2F09823FAEA9000BD4C45 /* MC3 */ = {
			isa = PBXGroup;
			children = (
				DDC2F09923FAEA9000BD4C45 /* AppDelegate.swift */,
				DDC2F09B23FAEA9000BD4C45 /* SceneDelegate.swift */,
				6B653E20240D6450002578E1 /* NewYorkMedium-Regular.otf */,
				DDC2F09F23FAEA9000BD4C45 /* Main.storyboard */,
				DD01A8BC240F495A0032AD88 /* Tutorial View Controllers */,
				DDDA47E0240A9705005950CF /* View Controllers */,
				DDDA47DF240A96E2005950CF /* Data */,
				DDDA47DE240A96AE005950CF /* Database */,
				DDC2F0A723FAEA9200BD4C45 /* LaunchScreen.storyboard */,
				DDC2F0AA23FAEA9200BD4C45 /* Info.plist */,
				DDC2F0A223FAEA9000BD4C45 /* MC3.xcdatamodeld */,
				6B653E1D240D0FBD002578E1 /* DatabaseHelper.swift */,
				6B653E22240EBB71002578E1 /* Assets.xcassets */,
			);
			path = MC3;
			sourceTree = "<group>";
		};
		DDDA47DE240A96AE005950CF /* Database */ = {
			isa = PBXGroup;
			children = (
				DD84143E23FFD8F400478319 /* MessagesDatabase.swift */,
				DD84143623FD58F100478319 /* QuestionsDatabase.swift */,
				DD45F9282410047D00AA9521 /* PlantMessageDatabase.swift */,
			);
			path = Database;
			sourceTree = "<group>";
		};
		DDDA47DF240A96E2005950CF /* Data */ = {
			isa = PBXGroup;
			children = (
				DDDA47E7240A99CD005950CF /* Thought+CoreDataProperties.swift */,
				DDDA47E1240A974C005950CF /* Thought+CoreDataClass.swift */,
			);
			path = Data;
			sourceTree = "<group>";
		};
		DDDA47E0240A9705005950CF /* View Controllers */ = {
			isa = PBXGroup;
			children = (
				DD64247A2406B1A400A07D1C /* UserThoughtsViewController.swift */,
				DDDA47D524082E3A005950CF /* EditThoughtViewController.swift */,
				DD77D5F8240AC701000BA7B8 /* EvaluationThoughtViewController.swift */,
				DD01A8BA240F49100032AD88 /* HelperViewController.swift */,
				DD89CD63240FF68A00DEAE88 /* WellDoneViewController.swift */,
			);
			path = "View Controllers";
			sourceTree = "<group>";
		};
/* End PBXGroup section */

/* Begin PBXNativeTarget section */
		DDC2F09523FAEA9000BD4C45 /* MC3 */ = {
			isa = PBXNativeTarget;
			buildConfigurationList = DDC2F0AD23FAEA9200BD4C45 /* Build configuration list for PBXNativeTarget "MC3" */;
			buildPhases = (
				DDC2F09223FAEA9000BD4C45 /* Sources */,
				DDC2F09323FAEA9000BD4C45 /* Frameworks */,
				DDC2F09423FAEA9000BD4C45 /* Resources */,
			);
			buildRules = (
			);
			dependencies = (
			);
			name = MC3;
			productName = MC3;
			productReference = DDC2F09623FAEA9000BD4C45 /* MC3.app */;
			productType = "com.apple.product-type.application";
		};
/* End PBXNativeTarget section */

/* Begin PBXProject section */
		DDC2F08E23FAEA9000BD4C45 /* Project object */ = {
			isa = PBXProject;
			attributes = {
				LastSwiftUpdateCheck = 1130;
				LastUpgradeCheck = 1130;
				ORGANIZATIONNAME = "Gianna Stylianou";
				TargetAttributes = {
					DDC2F09523FAEA9000BD4C45 = {
						CreatedOnToolsVersion = 11.3.1;
					};
				};
			};
			buildConfigurationList = DDC2F09123FAEA9000BD4C45 /* Build configuration list for PBXProject "MC3" */;
			compatibilityVersion = "Xcode 9.3";
			developmentRegion = en;
			hasScannedForEncodings = 0;
			knownRegions = (
				en,
				Base,
			);
			mainGroup = DDC2F08D23FAEA9000BD4C45;
			productRefGroup = DDC2F09723FAEA9000BD4C45 /* Products */;
			projectDirPath = "";
			projectRoot = "";
			targets = (
				DDC2F09523FAEA9000BD4C45 /* MC3 */,
			);
		};
/* End PBXProject section */

/* Begin PBXResourcesBuildPhase section */
		DDC2F09423FAEA9000BD4C45 /* Resources */ = {
			isa = PBXResourcesBuildPhase;
			buildActionMask = 2147483647;
			files = (
				6B653E21240D6450002578E1 /* NewYorkMedium-Regular.otf in Resources */,
				DDC2F0B123FAEAED00BD4C45 /* .gitignore in Resources */,
				DDC2F0A923FAEA9200BD4C45 /* LaunchScreen.storyboard in Resources */,
				DDC2F0A123FAEA9000BD4C45 /* Main.storyboard in Resources */,
				6B653E23240EBB71002578E1 /* Assets.xcassets in Resources */,
			);
			runOnlyForDeploymentPostprocessing = 0;
		};
/* End PBXResourcesBuildPhase section */

/* Begin PBXSourcesBuildPhase section */
		DDC2F09223FAEA9000BD4C45 /* Sources */ = {
			isa = PBXSourcesBuildPhase;
			buildActionMask = 2147483647;
			files = (
				DD77D5FB240ACA51000BA7B8 /* PerfectViewController.swift in Sources */,
				DD64247B2406B1A400A07D1C /* UserThoughtsViewController.swift in Sources */,
				DD45F9292410047D00AA9521 /* PlantMessageDatabase.swift in Sources */,
				DDC2F09E23FAEA9000BD4C45 /* WelcomeViewController.swift in Sources */,
				DDC2F09A23FAEA9000BD4C45 /* AppDelegate.swift in Sources */,
				DD84143723FD58F100478319 /* QuestionsDatabase.swift in Sources */,
				DDDA47E8240A99CD005950CF /* Thought+CoreDataProperties.swift in Sources */,
				DD89CD64240FF68A00DEAE88 /* WellDoneViewController.swift in Sources */,
				DD84143B23FD77FF00478319 /* TutorialQuestionViewController.swift in Sources */,
				DDC2F09C23FAEA9000BD4C45 /* SceneDelegate.swift in Sources */,
				DD84143D23FED79E00478319 /* TutorialEvaluationViewController.swift in Sources */,
				DD84143F23FFD8F400478319 /* MessagesDatabase.swift in Sources */,
				DD77D5F9240AC701000BA7B8 /* EvaluationThoughtViewController.swift in Sources */,
				DDC2F0A423FAEA9000BD4C45 /* MC3.xcdatamodeld in Sources */,
				DD01A8BB240F49100032AD88 /* HelperViewController.swift in Sources */,
				DDDA47E3240A974C005950CF /* Thought+CoreDataClass.swift in Sources */,
				DDDA47D624082E3A005950CF /* EditThoughtViewController.swift in Sources */,
				6B653E1E240D0FBE002578E1 /* DatabaseHelper.swift in Sources */,
			);
			runOnlyForDeploymentPostprocessing = 0;
		};
/* End PBXSourcesBuildPhase section */

/* Begin PBXVariantGroup section */
		DDC2F09F23FAEA9000BD4C45 /* Main.storyboard */ = {
			isa = PBXVariantGroup;
			children = (
				DDC2F0A023FAEA9000BD4C45 /* Base */,
			);
			name = Main.storyboard;
			sourceTree = "<group>";
		};
		DDC2F0A723FAEA9200BD4C45 /* LaunchScreen.storyboard */ = {
			isa = PBXVariantGroup;
			children = (
				DDC2F0A823FAEA9200BD4C45 /* Base */,
			);
			name = LaunchScreen.storyboard;
			sourceTree = "<group>";
		};
/* End PBXVariantGroup section */

/* Begin XCBuildConfiguration section */
		DDC2F0AB23FAEA9200BD4C45 /* Debug */ = {
			isa = XCBuildConfiguration;
			buildSettings = {
				ALWAYS_SEARCH_USER_PATHS = NO;
				CLANG_ANALYZER_NONNULL = YES;
				CLANG_ANALYZER_NUMBER_OBJECT_CONVERSION = YES_AGGRESSIVE;
				CLANG_CXX_LANGUAGE_STANDARD = "gnu++14";
				CLANG_CXX_LIBRARY = "libc++";
				CLANG_ENABLE_MODULES = YES;
				CLANG_ENABLE_OBJC_ARC = YES;
				CLANG_ENABLE_OBJC_WEAK = YES;
				CLANG_WARN_BLOCK_CAPTURE_AUTORELEASING = YES;
				CLANG_WARN_BOOL_CONVERSION = YES;
				CLANG_WARN_COMMA = YES;
				CLANG_WARN_CONSTANT_CONVERSION = YES;
				CLANG_WARN_DEPRECATED_OBJC_IMPLEMENTATIONS = YES;
				CLANG_WARN_DIRECT_OBJC_ISA_USAGE = YES_ERROR;
				CLANG_WARN_DOCUMENTATION_COMMENTS = YES;
				CLANG_WARN_EMPTY_BODY = YES;
				CLANG_WARN_ENUM_CONVERSION = YES;
				CLANG_WARN_INFINITE_RECURSION = YES;
				CLANG_WARN_INT_CONVERSION = YES;
				CLANG_WARN_NON_LITERAL_NULL_CONVERSION = YES;
				CLANG_WARN_OBJC_IMPLICIT_RETAIN_SELF = YES;
				CLANG_WARN_OBJC_LITERAL_CONVERSION = YES;
				CLANG_WARN_OBJC_ROOT_CLASS = YES_ERROR;
				CLANG_WARN_RANGE_LOOP_ANALYSIS = YES;
				CLANG_WARN_STRICT_PROTOTYPES = YES;
				CLANG_WARN_SUSPICIOUS_MOVE = YES;
				CLANG_WARN_UNGUARDED_AVAILABILITY = YES_AGGRESSIVE;
				CLANG_WARN_UNREACHABLE_CODE = YES;
				CLANG_WARN__DUPLICATE_METHOD_MATCH = YES;
				COPY_PHASE_STRIP = NO;
				DEBUG_INFORMATION_FORMAT = dwarf;
				ENABLE_STRICT_OBJC_MSGSEND = YES;
				ENABLE_TESTABILITY = YES;
				GCC_C_LANGUAGE_STANDARD = gnu11;
				GCC_DYNAMIC_NO_PIC = NO;
				GCC_NO_COMMON_BLOCKS = YES;
				GCC_OPTIMIZATION_LEVEL = 0;
				GCC_PREPROCESSOR_DEFINITIONS = (
					"DEBUG=1",
					"$(inherited)",
				);
				GCC_WARN_64_TO_32_BIT_CONVERSION = YES;
				GCC_WARN_ABOUT_RETURN_TYPE = YES_ERROR;
				GCC_WARN_UNDECLARED_SELECTOR = YES;
				GCC_WARN_UNINITIALIZED_AUTOS = YES_AGGRESSIVE;
				GCC_WARN_UNUSED_FUNCTION = YES;
				GCC_WARN_UNUSED_VARIABLE = YES;
				IPHONEOS_DEPLOYMENT_TARGET = 13.2;
				MTL_ENABLE_DEBUG_INFO = INCLUDE_SOURCE;
				MTL_FAST_MATH = YES;
				ONLY_ACTIVE_ARCH = YES;
				SDKROOT = iphoneos;
				SWIFT_ACTIVE_COMPILATION_CONDITIONS = DEBUG;
				SWIFT_OPTIMIZATION_LEVEL = "-Onone";
			};
			name = Debug;
		};
		DDC2F0AC23FAEA9200BD4C45 /* Release */ = {
			isa = XCBuildConfiguration;
			buildSettings = {
				ALWAYS_SEARCH_USER_PATHS = NO;
				CLANG_ANALYZER_NONNULL = YES;
				CLANG_ANALYZER_NUMBER_OBJECT_CONVERSION = YES_AGGRESSIVE;
				CLANG_CXX_LANGUAGE_STANDARD = "gnu++14";
				CLANG_CXX_LIBRARY = "libc++";
				CLANG_ENABLE_MODULES = YES;
				CLANG_ENABLE_OBJC_ARC = YES;
				CLANG_ENABLE_OBJC_WEAK = YES;
				CLANG_WARN_BLOCK_CAPTURE_AUTORELEASING = YES;
				CLANG_WARN_BOOL_CONVERSION = YES;
				CLANG_WARN_COMMA = YES;
				CLANG_WARN_CONSTANT_CONVERSION = YES;
				CLANG_WARN_DEPRECATED_OBJC_IMPLEMENTATIONS = YES;
				CLANG_WARN_DIRECT_OBJC_ISA_USAGE = YES_ERROR;
				CLANG_WARN_DOCUMENTATION_COMMENTS = YES;
				CLANG_WARN_EMPTY_BODY = YES;
				CLANG_WARN_ENUM_CONVERSION = YES;
				CLANG_WARN_INFINITE_RECURSION = YES;
				CLANG_WARN_INT_CONVERSION = YES;
				CLANG_WARN_NON_LITERAL_NULL_CONVERSION = YES;
				CLANG_WARN_OBJC_IMPLICIT_RETAIN_SELF = YES;
				CLANG_WARN_OBJC_LITERAL_CONVERSION = YES;
				CLANG_WARN_OBJC_ROOT_CLASS = YES_ERROR;
				CLANG_WARN_RANGE_LOOP_ANALYSIS = YES;
				CLANG_WARN_STRICT_PROTOTYPES = YES;
				CLANG_WARN_SUSPICIOUS_MOVE = YES;
				CLANG_WARN_UNGUARDED_AVAILABILITY = YES_AGGRESSIVE;
				CLANG_WARN_UNREACHABLE_CODE = YES;
				CLANG_WARN__DUPLICATE_METHOD_MATCH = YES;
				COPY_PHASE_STRIP = NO;
				DEBUG_INFORMATION_FORMAT = "dwarf-with-dsym";
				ENABLE_NS_ASSERTIONS = NO;
				ENABLE_STRICT_OBJC_MSGSEND = YES;
				GCC_C_LANGUAGE_STANDARD = gnu11;
				GCC_NO_COMMON_BLOCKS = YES;
				GCC_WARN_64_TO_32_BIT_CONVERSION = YES;
				GCC_WARN_ABOUT_RETURN_TYPE = YES_ERROR;
				GCC_WARN_UNDECLARED_SELECTOR = YES;
				GCC_WARN_UNINITIALIZED_AUTOS = YES_AGGRESSIVE;
				GCC_WARN_UNUSED_FUNCTION = YES;
				GCC_WARN_UNUSED_VARIABLE = YES;
				IPHONEOS_DEPLOYMENT_TARGET = 13.2;
				MTL_ENABLE_DEBUG_INFO = NO;
				MTL_FAST_MATH = YES;
				SDKROOT = iphoneos;
				SWIFT_COMPILATION_MODE = wholemodule;
				SWIFT_OPTIMIZATION_LEVEL = "-O";
				VALIDATE_PRODUCT = YES;
			};
			name = Release;
		};
		DDC2F0AE23FAEA9200BD4C45 /* Debug */ = {
			isa = XCBuildConfiguration;
			buildSettings = {
				CODE_SIGN_STYLE = Automatic;
				DEVELOPMENT_TEAM = GXVS8CQ292;
				INFOPLIST_FILE = MC3/Info.plist;
				LD_RUNPATH_SEARCH_PATHS = (
					"$(inherited)",
					"@executable_path/Frameworks",
				);
				PRODUCT_BUNDLE_IDENTIFIER = silvio.MC3;
				PRODUCT_NAME = "$(TARGET_NAME)";
				SWIFT_VERSION = 5.0;
				TARGETED_DEVICE_FAMILY = "1,2";
			};
			name = Debug;
		};
		DDC2F0AF23FAEA9200BD4C45 /* Release */ = {
			isa = XCBuildConfiguration;
			buildSettings = {
				CODE_SIGN_STYLE = Automatic;
				DEVELOPMENT_TEAM = GXVS8CQ292;
				INFOPLIST_FILE = MC3/Info.plist;
				LD_RUNPATH_SEARCH_PATHS = (
					"$(inherited)",
					"@executable_path/Frameworks",
				);
				PRODUCT_BUNDLE_IDENTIFIER = silvio.MC3;
				PRODUCT_NAME = "$(TARGET_NAME)";
				SWIFT_VERSION = 5.0;
				TARGETED_DEVICE_FAMILY = "1,2";
			};
			name = Release;
		};
/* End XCBuildConfiguration section */

/* Begin XCConfigurationList section */
		DDC2F09123FAEA9000BD4C45 /* Build configuration list for PBXProject "MC3" */ = {
			isa = XCConfigurationList;
			buildConfigurations = (
				DDC2F0AB23FAEA9200BD4C45 /* Debug */,
				DDC2F0AC23FAEA9200BD4C45 /* Release */,
			);
			defaultConfigurationIsVisible = 0;
			defaultConfigurationName = Release;
		};
		DDC2F0AD23FAEA9200BD4C45 /* Build configuration list for PBXNativeTarget "MC3" */ = {
			isa = XCConfigurationList;
			buildConfigurations = (
				DDC2F0AE23FAEA9200BD4C45 /* Debug */,
				DDC2F0AF23FAEA9200BD4C45 /* Release */,
			);
			defaultConfigurationIsVisible = 0;
			defaultConfigurationName = Release;
		};
/* End XCConfigurationList section */

/* Begin XCVersionGroup section */
		DDC2F0A223FAEA9000BD4C45 /* MC3.xcdatamodeld */ = {
			isa = XCVersionGroup;
			children = (
				DDC2F0A323FAEA9000BD4C45 /* MC3.xcdatamodel */,
			);
			currentVersion = DDC2F0A323FAEA9000BD4C45 /* MC3.xcdatamodel */;
			path = MC3.xcdatamodeld;
			sourceTree = "<group>";
			versionGroupType = wrapper.xcdatamodel;
		};
/* End XCVersionGroup section */
	};
	rootObject = DDC2F08E23FAEA9000BD4C45 /* Project object */;
}
